
Microsoft Visual Studio Solution File, Format Version 12.00
# Visual Studio Version 16
VisualStudioVersion = 16.0.29215.179
MinimumVisualStudioVersion = 10.0.40219.1
Project("{FAE04EC0-301F-11D3-BF4B-00C04F79EFBC}") = "TestDrivenDevelopment", "TestDrivenDevelopment\TestDrivenDevelopment.csproj", "{71EF5928-7F9C-486F-A8BE-016333ECED9C}"
EndProject
Project("{FAE04EC0-301F-11D3-BF4B-00C04F79EFBC}") = "CalculatotTest", "CalculatotTest\CalculatotTest.csproj", "{98FE356D-2CDA-4C41-808C-B32AFEBCA467}"
EndProject
Project("{FAE04EC0-301F-11D3-BF4B-00C04F79EFBC}") = "CalculatorMSTest", "CalculatorMSTest\CalculatorMSTest.csproj", "{B628D180-0102-446F-B3B0-68812EE776D2}"
EndProject
Project("{FAE04EC0-301F-11D3-BF4B-00C04F79EFBC}") = "Calculator", "Calculator\Calculator.csproj", "{77A20200-5C07-48DF-8EFB-370593D3084E}"
EndProject
Project("{FAE04EC0-301F-11D3-BF4B-00C04F79EFBC}") = "WpfApp", "WpfApp\WpfApp.csproj", "{21A2AB34-97FC-449A-B036-97D2A1AB8DAB}"
EndProject
Global
	GlobalSection(SolutionConfigurationPlatforms) = preSolution
		Debug|Any CPU = Debug|Any CPU
		Release|Any CPU = Release|Any CPU
	EndGlobalSection
	GlobalSection(ProjectConfigurationPlatforms) = postSolution
		{71EF5928-7F9C-486F-A8BE-016333ECED9C}.Debug|Any CPU.ActiveCfg = Debug|Any CPU
		{71EF5928-7F9C-486F-A8BE-016333ECED9C}.Debug|Any CPU.Build.0 = Debug|Any CPU
		{71EF5928-7F9C-486F-A8BE-016333ECED9C}.Release|Any CPU.ActiveCfg = Release|Any CPU
		{71EF5928-7F9C-486F-A8BE-016333ECED9C}.Release|Any CPU.Build.0 = Release|Any CPU
		{98FE356D-2CDA-4C41-808C-B32AFEBCA467}.Debug|Any CPU.ActiveCfg = Debug|Any CPU
		{98FE356D-2CDA-4C41-808C-B32AFEBCA467}.Debug|Any CPU.Build.0 = Debug|Any CPU
		{98FE356D-2CDA-4C41-808C-B32AFEBCA467}.Release|Any CPU.ActiveCfg = Release|Any CPU
		{98FE356D-2CDA-4C41-808C-B32AFEBCA467}.Release|Any CPU.Build.0 = Release|Any CPU
		{B628D180-0102-446F-B3B0-68812EE776D2}.Debug|Any CPU.ActiveCfg = Debug|Any CPU
		{B628D180-0102-446F-B3B0-68812EE776D2}.Debug|Any CPU.Build.0 = Debug|Any CPU
		{B628D180-0102-446F-B3B0-68812EE776D2}.Release|Any CPU.ActiveCfg = Release|Any CPU
		{B628D180-0102-446F-B3B0-68812EE776D2}.Release|Any CPU.Build.0 = Release|Any CPU
		{77A20200-5C07-48DF-8EFB-370593D3084E}.Debug|Any CPU.ActiveCfg = Debug|Any CPU
		{77A20200-5C07-48DF-8EFB-370593D3084E}.Debug|Any CPU.Build.0 = Debug|Any CPU
		{77A20200-5C07-48DF-8EFB-370593D3084E}.Release|Any CPU.ActiveCfg = Release|Any CPU
		{77A20200-5C07-48DF-8EFB-370593D3084E}.Release|Any CPU.Build.0 = Release|Any CPU
		{21A2AB34-97FC-449A-B036-97D2A1AB8DAB}.Debug|Any CPU.ActiveCfg = Debug|Any CPU
		{21A2AB34-97FC-449A-B036-97D2A1AB8DAB}.Debug|Any CPU.Build.0 = Debug|Any CPU
		{21A2AB34-97FC-449A-B036-97D2A1AB8DAB}.Release|Any CPU.ActiveCfg = Release|Any CPU
		{21A2AB34-97FC-449A-B036-97D2A1AB8DAB}.Release|Any CPU.Build.0 = Release|Any CPU
	EndGlobalSection
	GlobalSection(SolutionProperties) = preSolution
		HideSolutionNode = FALSE
	EndGlobalSection
	GlobalSection(ExtensibilityGlobals) = postSolution
		SolutionGuid = {808C1D6F-B98D-4A14-A31B-DEDDFD5AD29A}
	EndGlobalSection
EndGlobal
